{
  "name": "metalsmith-uglify",
  "version": "2.0.3",
  "lockfileVersion": 1,
  "requires": true,
  "dependencies": {
    "commander": {
      "version": "2.13.0",
      "resolved": "https://registry.npmjs.org/commander/-/commander-2.13.0.tgz",
      "integrity": "sha512-MVuS359B+YzaWqjCL/c+22gfryv+mCBPHAv3zyVI2GN8EY6IRP8VwtasXn8jyyhvvq84R4ImN1OKRtcbIasjYA=="
    },
    "debug": {
      "version": "3.1.0",
      "resolved": "https://registry.npmjs.org/debug/-/debug-3.1.0.tgz",
      "integrity": "sha1-W7WgZyYotkFJVmuhaBnmFRjGcmE=",
      "requires": {
        "ms": "2.0.0"
      }
    },
    "ms": {
      "version": "2.0.0",
      "resolved": "https://registry.npmjs.org/ms/-/ms-2.0.0.tgz",
      "integrity": "sha1-VgiurfwAvmwpAd9fmGF4jeDVl8g="
    },
    "source-map": {
      "version": "0.6.1",
      "resolved": "https://registry.npmjs.org/source-map/-/source-map-0.6.1.tgz",
      "integrity": "sha512-UjgapumWlbMhkBgzT7Ykc5YXUT46F0iKu8SGXq0bcwP5dz/h0Plj6enJqjz1Zbq2l5WaqYnrVbwWOWMyF3F47g=="
    },
    "uglify-es": {
      "version": "3.3.7",
      "resolved": "https://registry.npmjs.org/uglify-es/-/uglify-es-3.3.7.tgz",
      "integrity": "sha512-fGMnE6SsDRsCjxm78C+lv7MuXsse/dtF7QuTUT43BYf4jlxPjd+XTnGB8YjaCQJ3sv2LT4zk0mwpp9+QJocU6g==",
      "requires": {
        "commander": "2.13.0",
        "source-map": "0.6.1"
      }
    },
    "uglify-js": {
      "version": "3.3.7",
      "resolved": "https://registry.npmjs.org/uglify-js/-/uglify-js-3.3.7.tgz",
      "integrity": "sha512-esJIpNQIC44EFSrbeFPhiXHy2HJ+dTcnn0Zdkn+5meuLsvoV0mFJffKlyezNIIHNfhF0NpgbifygCfEyAogIhQ==",
      "requires": {
        "commander": "2.13.0",
        "source-map": "0.6.1"
      }
    }
  }
}
